
Microsoft Visual Studio Solution File, Format Version 12.00
# Visual Studio Version 16
VisualStudioVersion = 16.0.810.2
MinimumVisualStudioVersion = 10.0.40219.1
Project("{FAE04EC0-301F-11D3-BF4B-00C04F79EFBC}") = "MySuperBank", "MySuperBank\MySuperBank.csproj", "{8681FA9C-2B26-49F8-A237-90BB09FEEFF1}"
EndProject
Global
	GlobalSection(SolutionConfigurationPlatforms) = preSolution
		Debug|Any CPU = Debug|Any CPU
		Release|Any CPU = Release|Any CPU
	EndGlobalSection
	GlobalSection(ProjectConfigurationPlatforms) = postSolution
		{8681FA9C-2B26-49F8-A237-90BB09FEEFF1}.Debug|Any CPU.ActiveCfg = Debug|Any CPU
		{8681FA9C-2B26-49F8-A237-90BB09FEEFF1}.Debug|Any CPU.Build.0 = Debug|Any CPU
		{8681FA9C-2B26-49F8-A237-90BB09FEEFF1}.Release|Any CPU.ActiveCfg = Release|Any CPU
		{8681FA9C-2B26-49F8-A237-90BB09FEEFF1}.Release|Any CPU.Build.0 = Release|Any CPU
	EndGlobalSection
	GlobalSection(SolutionProperties) = preSolution
		HideSolutionNode = FALSE
	EndGlobalSection
	GlobalSection(ExtensibilityGlobals) = postSolution
		SolutionGuid = {ECAC6805-A7D3-4810-B86D-2CC9C7165BDA}
	EndGlobalSection
EndGlobal
